
Microsoft Visual Studio Solution File, Format Version 12.00
# Visual Studio Version 17
VisualStudioVersion = 17.14.36603.0 d17.14
MinimumVisualStudioVersion = 10.0.40219.1
Project("{FAE04EC0-301F-11D3-BF4B-00C04F79EFBC}") = "background-function-service", "background-function-service.csproj", "{1A7D603C-EA68-43F6-96A5-76C8D0894EC1}"
EndProject
Global
	GlobalSection(SolutionConfigurationPlatforms) = preSolution
		Debug|Any CPU = Debug|Any CPU
		Release|Any CPU = Release|Any CPU
	EndGlobalSection
	GlobalSection(ProjectConfigurationPlatforms) = postSolution
		{1A7D603C-EA68-43F6-96A5-76C8D0894EC1}.Debug|Any CPU.ActiveCfg = Debug|Any CPU
		{1A7D603C-EA68-43F6-96A5-76C8D0894EC1}.Debug|Any CPU.Build.0 = Debug|Any CPU
		{1A7D603C-EA68-43F6-96A5-76C8D0894EC1}.Release|Any CPU.ActiveCfg = Release|Any CPU
		{1A7D603C-EA68-43F6-96A5-76C8D0894EC1}.Release|Any CPU.Build.0 = Release|Any CPU
	EndGlobalSection
	GlobalSection(SolutionProperties) = preSolution
		HideSolutionNode = FALSE
	EndGlobalSection
	GlobalSection(ExtensibilityGlobals) = postSolution
		SolutionGuid = {56F5461E-B1D2-4361-9BA4-10191A165EDD}
	EndGlobalSection
EndGlobal
